
Microsoft Visual Studio Solution File, Format Version 12.00
# Visual Studio 2012
Project("{FAE04EC0-301F-11D3-BF4B-00C04F79EFBC}") = "AppointmentReminder", "AppointmentReminder\AppointmentReminder.csproj", "{1EB595E7-381F-4D52-BC85-24772A22E5C0}"
EndProject
Project("{FAE04EC0-301F-11D3-BF4B-00C04F79EFBC}") = "AppointmentReminder.Tests", "AppointmentReminder.Tests\AppointmentReminder.Tests.csproj", "{C3547489-569B-490C-A950-1A4329F4EB19}"
EndProject
Global
	GlobalSection(SolutionConfigurationPlatforms) = preSolution
		Debug|Any CPU = Debug|Any CPU
		Release|Any CPU = Release|Any CPU
	EndGlobalSection
	GlobalSection(ProjectConfigurationPlatforms) = postSolution
		{1EB595E7-381F-4D52-BC85-24772A22E5C0}.Debug|Any CPU.ActiveCfg = Debug|Any CPU
		{1EB595E7-381F-4D52-BC85-24772A22E5C0}.Debug|Any CPU.Build.0 = Debug|Any CPU
		{1EB595E7-381F-4D52-BC85-24772A22E5C0}.Release|Any CPU.ActiveCfg = Release|Any CPU
		{1EB595E7-381F-4D52-BC85-24772A22E5C0}.Release|Any CPU.Build.0 = Release|Any CPU
		{C3547489-569B-490C-A950-1A4329F4EB19}.Debug|Any CPU.ActiveCfg = Debug|Any CPU
		{C3547489-569B-490C-A950-1A4329F4EB19}.Debug|Any CPU.Build.0 = Debug|Any CPU
		{C3547489-569B-490C-A950-1A4329F4EB19}.Release|Any CPU.ActiveCfg = Release|Any CPU
		{C3547489-569B-490C-A950-1A4329F4EB19}.Release|Any CPU.Build.0 = Release|Any CPU
	EndGlobalSection
	GlobalSection(SolutionProperties) = preSolution
		HideSolutionNode = FALSE
	EndGlobalSection
EndGlobal
